<?xml version="1.0" encoding="utf-8"?>
<Project ToolsVersion="4.0" xmlns="http://schemas.microsoft.com/developer/msbuild/2003">
  <ItemGroup>
    <Filter Include="源文件">
      <UniqueIdentifier>{4FC737F1-C7A5-4376-A066-2A32D752A2FF}</UniqueIdentifier>
      <Extensions>cpp;c;cc;cxx;c++;cppm;ixx;def;odl;idl;hpj;bat;asm;asmx</Extensions>
    </Filter>
    <Filter Include="头文件">
      <UniqueIdentifier>{93995380-89BD-4b04-88EB-625FBE52EBFB}</UniqueIdentifier>
      <Extensions>h;hh;hpp;hxx;h++;hm;inl;inc;ipp;xsd</Extensions>
    </Filter>
    <Filter Include="资源文件">
      <UniqueIdentifier>{67DA6AB6-F800-4c08-8B7A-83BB121AAD01}</UniqueIdentifier>
      <Extensions>rc;ico;cur;bmp;dlg;rc2;rct;bin;rgs;gif;jpg;jpeg;jpe;resx;tiff;tif;png;wav;mfcribbon-ms</Extensions>
    </Filter>
    <Filter Include="Core">
      <UniqueIdentifier>{0dfd1d96-f212-4410-b906-60c0593618c2}</UniqueIdentifier>
    </Filter>
    <Filter Include="Core\CoreObject">
      <UniqueIdentifier>{8ae26b16-8775-45dc-bdf2-2abca6115828}</UniqueIdentifier>
    </Filter>
    <Filter Include="Core\RHI">
      <UniqueIdentifier>{750d8ca7-233f-41bb-a464-34616149d8b0}</UniqueIdentifier>
    </Filter>
    <Filter Include="VulkanRHI">
      <UniqueIdentifier>{e627053b-9347-452e-9278-59f881018dd9}</UniqueIdentifier>
    </Filter>
    <Filter Include="Core\Display">
      <UniqueIdentifier>{20191366-e1ae-43a6-b6a2-3016ac8abe54}</UniqueIdentifier>
    </Filter>
    <Filter Include="Core\Display\Window">
      <UniqueIdentifier>{35f60cce-c246-47ce-b762-1d89047d2e32}</UniqueIdentifier>
    </Filter>
    <Filter Include="Core\Display\Slates">
      <UniqueIdentifier>{e881ab85-5054-4879-8e99-29089bf0592c}</UniqueIdentifier>
    </Filter>
  </ItemGroup>
  <ItemGroup>
    <ClCompile Include="ConsoleApplication1.cpp">
      <Filter>源文件</Filter>
    </ClCompile>
    <ClCompile Include="VulkanRHI\VulkanRHI.cpp">
      <Filter>VulkanRHI</Filter>
    </ClCompile>
    <ClCompile Include="VulkanRHI\VulkanSurface.cpp">
      <Filter>VulkanRHI</Filter>
    </ClCompile>
    <ClCompile Include="Core\RHI\RHISurface.cpp">
      <Filter>Core\RHI</Filter>
    </ClCompile>
    <ClCompile Include="Core\RHI\RHIInterface.cpp">
      <Filter>Core\RHI</Filter>
    </ClCompile>
    <ClCompile Include="Core\Display\Window\Window.cpp">
      <Filter>Core\Display\Window</Filter>
    </ClCompile>
    <ClCompile Include="Core\RHI\RHIResource.cpp">
      <Filter>Core\RHI</Filter>
    </ClCompile>
    <ClCompile Include="Core\RHI\RHITexture.cpp">
      <Filter>Core\RHI</Filter>
    </ClCompile>
    <ClCompile Include="VulkanRHI\VulkanTexture.cpp">
      <Filter>VulkanRHI</Filter>
    </ClCompile>
    <ClCompile Include="Core\RHI\RHIBuffer.cpp">
      <Filter>Core\RHI</Filter>
    </ClCompile>
    <ClCompile Include="VulkanRHI\VulkanBuffer.cpp">
      <Filter>VulkanRHI</Filter>
    </ClCompile>
  </ItemGroup>
  <ItemGroup>
    <ClInclude Include="Core\CoreObject\SCObject.h">
      <Filter>Core\CoreObject</Filter>
    </ClInclude>
    <ClInclude Include="Core\RHI\RHIInterface.h">
      <Filter>Core\RHI</Filter>
    </ClInclude>
    <ClInclude Include="VulkanRHI\VulkanRHI.h">
      <Filter>VulkanRHI</Filter>
    </ClInclude>
    <ClInclude Include="VulkanRHI\VulkanSurface.h">
      <Filter>VulkanRHI</Filter>
    </ClInclude>
    <ClInclude Include="Core\RHI\RHISurface.h">
      <Filter>Core\RHI</Filter>
    </ClInclude>
    <ClInclude Include="Core\Display\Window\Window.h">
      <Filter>Core\Display\Window</Filter>
    </ClInclude>
    <ClInclude Include="Core\CoreObject\Delegate.h">
      <Filter>Core\CoreObject</Filter>
    </ClInclude>
    <ClInclude Include="Core\RHI\RHIResource.h">
      <Filter>Core\RHI</Filter>
    </ClInclude>
    <ClInclude Include="Core\RHI\RHITexture.h">
      <Filter>Core\RHI</Filter>
    </ClInclude>
    <ClInclude Include="Core\RHI\RHITextureDefs.h">
      <Filter>Core\RHI</Filter>
    </ClInclude>
    <ClInclude Include="VulkanRHI\VulkanTexture.h">
      <Filter>VulkanRHI</Filter>
    </ClInclude>
    <ClInclude Include="Core\RHI\RHIInterfaceDefs.h">
      <Filter>Core\RHI</Filter>
    </ClInclude>
    <ClInclude Include="Core\RHI\RHIBuffer.h">
      <Filter>Core\RHI</Filter>
    </ClInclude>
    <ClInclude Include="Core\RHI\RHIBufferDefs.h">
      <Filter>Core\RHI</Filter>
    </ClInclude>
    <ClInclude Include="VulkanRHI\VulkanBuffer.h">
      <Filter>VulkanRHI</Filter>
    </ClInclude>
  </ItemGroup>
</Project>